{
    "requires": true,
    "lockfileVersion": 1,
    "dependencies": {
        "@popperjs/core": {
            "version": "2.0.6",
            "resolved": "https://registry.npmjs.org/@popperjs/core/-/core-2.0.6.tgz",
            "integrity": "sha512-zj7Gw8QC4jmR92eKUvtrZUEpl2ypRbq+qlE4pwf9n2hnUO9BOAcWUs4/Ht+gNIbFt98xtqhLvccdCfD469MzpQ=="
        }
    }
}
